
Microsoft Visual Studio Solution File, Format Version 12.00
# Visual Studio 15
VisualStudioVersion = 15.0.27703.2047
MinimumVisualStudioVersion = 10.0.40219.1
Project("{FAE04EC0-301F-11D3-BF4B-00C04F79EFBC}") = "Ejercicio015", "Ejercicio015\Ejercicio015.csproj", "{84795ABE-B35A-4BEA-9BE9-D27E37F64A23}"
EndProject
Global
	GlobalSection(SolutionConfigurationPlatforms) = preSolution
		Debug|Any CPU = Debug|Any CPU
		Release|Any CPU = Release|Any CPU
	EndGlobalSection
	GlobalSection(ProjectConfigurationPlatforms) = postSolution
		{84795ABE-B35A-4BEA-9BE9-D27E37F64A23}.Debug|Any CPU.ActiveCfg = Debug|Any CPU
		{84795ABE-B35A-4BEA-9BE9-D27E37F64A23}.Debug|Any CPU.Build.0 = Debug|Any CPU
		{84795ABE-B35A-4BEA-9BE9-D27E37F64A23}.Release|Any CPU.ActiveCfg = Release|Any CPU
		{84795ABE-B35A-4BEA-9BE9-D27E37F64A23}.Release|Any CPU.Build.0 = Release|Any CPU
	EndGlobalSection
	GlobalSection(SolutionProperties) = preSolution
		HideSolutionNode = FALSE
	EndGlobalSection
	GlobalSection(ExtensibilityGlobals) = postSolution
		SolutionGuid = {473585A1-1863-40B6-919C-0ED829CD239C}
	EndGlobalSection
EndGlobal
