
Microsoft Visual Studio Solution File, Format Version 12.00
# Visual Studio 15
VisualStudioVersion = 15.0.27703.2047
MinimumVisualStudioVersion = 10.0.40219.1
Project("{FAE04EC0-301F-11D3-BF4B-00C04F79EFBC}") = "Ejercicio003", "Ejercicio003\Ejercicio003.csproj", "{75DA3BF0-6064-4BC4-9A6C-FA4DBDFC7864}"
EndProject
Global
	GlobalSection(SolutionConfigurationPlatforms) = preSolution
		Debug|Any CPU = Debug|Any CPU
		Release|Any CPU = Release|Any CPU
	EndGlobalSection
	GlobalSection(ProjectConfigurationPlatforms) = postSolution
		{75DA3BF0-6064-4BC4-9A6C-FA4DBDFC7864}.Debug|Any CPU.ActiveCfg = Debug|Any CPU
		{75DA3BF0-6064-4BC4-9A6C-FA4DBDFC7864}.Debug|Any CPU.Build.0 = Debug|Any CPU
		{75DA3BF0-6064-4BC4-9A6C-FA4DBDFC7864}.Release|Any CPU.ActiveCfg = Release|Any CPU
		{75DA3BF0-6064-4BC4-9A6C-FA4DBDFC7864}.Release|Any CPU.Build.0 = Release|Any CPU
	EndGlobalSection
	GlobalSection(SolutionProperties) = preSolution
		HideSolutionNode = FALSE
	EndGlobalSection
	GlobalSection(ExtensibilityGlobals) = postSolution
		SolutionGuid = {6F1C246C-4B1C-48F7-8B6D-F9A8D9ED1024}
	EndGlobalSection
EndGlobal
